
Microsoft Visual Studio Solution File, Format Version 12.00
# Visual Studio Version 17
VisualStudioVersion = 17.0.31903.59
MinimumVisualStudioVersion = 10.0.40219.1
Project("{2150E333-8FDC-42A3-9474-1A3956D46DE8}") = "backend", "backend", "{F6D59343-0344-4A88-9C7F-7E556B0C9479}"
EndProject
Project("{FAE04EC0-301F-11D3-BF4B-00C04F79EFBC}") = "Bloggig.Application", "backend\Blogigg.Application\Bloggig.Application.csproj", "{BA0CE4F8-4B01-4844-809D-DC0F9E8488B6}"
EndProject
Project("{FAE04EC0-301F-11D3-BF4B-00C04F79EFBC}") = "Blogigg.Domain", "backend\Blogigg.Domain\Blogigg.Domain.csproj", "{081C4DDA-4157-4652-A858-BA79125E0FDD}"
EndProject
Project("{FAE04EC0-301F-11D3-BF4B-00C04F79EFBC}") = "Blogigg.Infra", "backend\Blogigg.Infra\Blogigg.Infra.csproj", "{92B3CE57-B15C-44FC-896C-ADE85B1A5094}"
EndProject
Project("{FAE04EC0-301F-11D3-BF4B-00C04F79EFBC}") = "Blogigg.Presentation", "backend\Blogigg.Presentation\Blogigg.Presentation.csproj", "{3CB69E60-9BE9-494E-9097-1A3F07CBD3A4}"
EndProject
Global
	GlobalSection(SolutionConfigurationPlatforms) = preSolution
		Debug|Any CPU = Debug|Any CPU
		Release|Any CPU = Release|Any CPU
	EndGlobalSection
	GlobalSection(ProjectConfigurationPlatforms) = postSolution
		{BA0CE4F8-4B01-4844-809D-DC0F9E8488B6}.Debug|Any CPU.ActiveCfg = Debug|Any CPU
		{BA0CE4F8-4B01-4844-809D-DC0F9E8488B6}.Debug|Any CPU.Build.0 = Debug|Any CPU
		{BA0CE4F8-4B01-4844-809D-DC0F9E8488B6}.Release|Any CPU.ActiveCfg = Release|Any CPU
		{BA0CE4F8-4B01-4844-809D-DC0F9E8488B6}.Release|Any CPU.Build.0 = Release|Any CPU
		{081C4DDA-4157-4652-A858-BA79125E0FDD}.Debug|Any CPU.ActiveCfg = Debug|Any CPU
		{081C4DDA-4157-4652-A858-BA79125E0FDD}.Debug|Any CPU.Build.0 = Debug|Any CPU
		{081C4DDA-4157-4652-A858-BA79125E0FDD}.Release|Any CPU.ActiveCfg = Release|Any CPU
		{081C4DDA-4157-4652-A858-BA79125E0FDD}.Release|Any CPU.Build.0 = Release|Any CPU
		{92B3CE57-B15C-44FC-896C-ADE85B1A5094}.Debug|Any CPU.ActiveCfg = Debug|Any CPU
		{92B3CE57-B15C-44FC-896C-ADE85B1A5094}.Debug|Any CPU.Build.0 = Debug|Any CPU
		{92B3CE57-B15C-44FC-896C-ADE85B1A5094}.Release|Any CPU.ActiveCfg = Release|Any CPU
		{92B3CE57-B15C-44FC-896C-ADE85B1A5094}.Release|Any CPU.Build.0 = Release|Any CPU
		{3CB69E60-9BE9-494E-9097-1A3F07CBD3A4}.Debug|Any CPU.ActiveCfg = Debug|Any CPU
		{3CB69E60-9BE9-494E-9097-1A3F07CBD3A4}.Debug|Any CPU.Build.0 = Debug|Any CPU
		{3CB69E60-9BE9-494E-9097-1A3F07CBD3A4}.Release|Any CPU.ActiveCfg = Release|Any CPU
		{3CB69E60-9BE9-494E-9097-1A3F07CBD3A4}.Release|Any CPU.Build.0 = Release|Any CPU
	EndGlobalSection
	GlobalSection(SolutionProperties) = preSolution
		HideSolutionNode = FALSE
	EndGlobalSection
	GlobalSection(ExtensibilityGlobals) = postSolution
		SolutionGuid = {345FF630-F910-4165-BCB9-5AB58B0A96C2}
	EndGlobalSection
	GlobalSection(NestedProjects) = preSolution
		{BA0CE4F8-4B01-4844-809D-DC0F9E8488B6} = {F6D59343-0344-4A88-9C7F-7E556B0C9479}
		{081C4DDA-4157-4652-A858-BA79125E0FDD} = {F6D59343-0344-4A88-9C7F-7E556B0C9479}
		{92B3CE57-B15C-44FC-896C-ADE85B1A5094} = {F6D59343-0344-4A88-9C7F-7E556B0C9479}
		{3CB69E60-9BE9-494E-9097-1A3F07CBD3A4} = {F6D59343-0344-4A88-9C7F-7E556B0C9479}
	EndGlobalSection
EndGlobal
